Microsoft Visual Studio Solution File, Format Version 12.00
# Visual Studio Version 17
Project("{9A19103F-16F7-4668-BE54-9A1E7A4F7556}") = "Acme.Contracts", "src\Acme.Contracts\Acme.Contracts.csproj", "{EEEEEEEE-0005-0005-0005-000000000001}"
EndProject
Project("{9A19103F-16F7-4668-BE54-9A1E7A4F7556}") = "Acme.FeatureFlags", "src\Acme.FeatureFlags\Acme.FeatureFlags.csproj", "{EEEEEEEE-0005-0005-0005-000000000002}"
EndProject
Project("{9A19103F-16F7-4668-BE54-9A1E7A4F7556}") = "Acme.FeatureFlags.Tests", "tests\Acme.FeatureFlags.Tests\Acme.FeatureFlags.Tests.csproj", "{EEEEEEEE-0005-0005-0005-000000000003}"
EndProject
Global
EndGlobal
