Microsoft Visual Studio Solution File, Format Version 12.00
# Visual Studio Version 17
Project("{9A19103F-16F7-4668-BE54-9A1E7A4F7556}") = "Meridian.Commerce.Orders.Contracts", "src\Meridian.Commerce.Orders.Contracts\Meridian.Commerce.Orders.Contracts.csproj", "{FF090001-0000-0000-0000-000000000000}"
EndProject
Project("{9A19103F-16F7-4668-BE54-9A1E7A4F7556}") = "Meridian.Commerce.Orders.Domain", "src\Meridian.Commerce.Orders.Domain\Meridian.Commerce.Orders.Domain.csproj", "{FF090002-0000-0000-0000-000000000000}"
EndProject
Project("{9A19103F-16F7-4668-BE54-9A1E7A4F7556}") = "Meridian.Commerce.Orders.Infrastructure", "src\Meridian.Commerce.Orders.Infrastructure\Meridian.Commerce.Orders.Infrastructure.csproj", "{FF090003-0000-0000-0000-000000000000}"
EndProject
Project("{9A19103F-16F7-4668-BE54-9A1E7A4F7556}") = "Meridian.Commerce.Orders.Api", "src\Meridian.Commerce.Orders.Api\Meridian.Commerce.Orders.Api.csproj", "{FF090004-0000-0000-0000-000000000000}"
EndProject
Project("{9A19103F-16F7-4668-BE54-9A1E7A4F7556}") = "Meridian.Commerce.Orders.Worker", "src\Meridian.Commerce.Orders.Worker\Meridian.Commerce.Orders.Worker.csproj", "{FF090005-0000-0000-0000-000000000000}"
EndProject
Project("{9A19103F-16F7-4668-BE54-9A1E7A4F7556}") = "Meridian.Commerce.Orders.Domain.Tests", "tests\Meridian.Commerce.Orders.Domain.Tests\Meridian.Commerce.Orders.Domain.Tests.csproj", "{FF090006-0000-0000-0000-000000000000}"
EndProject
Project("{9A19103F-16F7-4668-BE54-9A1E7A4F7556}") = "Meridian.Commerce.Orders.Infrastructure.Tests", "tests\Meridian.Commerce.Orders.Infrastructure.Tests\Meridian.Commerce.Orders.Infrastructure.Tests.csproj", "{FF090007-0000-0000-0000-000000000000}"
EndProject
Project("{9A19103F-16F7-4668-BE54-9A1E7A4F7556}") = "Meridian.Commerce.Orders.Api.Tests", "tests\Meridian.Commerce.Orders.Api.Tests\Meridian.Commerce.Orders.Api.Tests.csproj", "{FF090008-0000-0000-0000-000000000000}"
EndProject
Project("{9A19103F-16F7-4668-BE54-9A1E7A4F7556}") = "Meridian.Commerce.Orders.Integration.Tests", "tests\Meridian.Commerce.Orders.Integration.Tests\Meridian.Commerce.Orders.Integration.Tests.csproj", "{FF090009-0000-0000-0000-000000000000}"
EndProject
Global
EndGlobal
