Microsoft Visual Studio Solution File, Format Version 12.00
# Visual Studio Version 17
Project("{9A19103F-16F7-4668-BE54-9A1E7A4F7556}") = "Acme.Common", "src\Acme.Common\Acme.Common.csproj", "{AAAAAAAA-0001-0001-0001-000000000001}"
EndProject
Project("{9A19103F-16F7-4668-BE54-9A1E7A4F7556}") = "Acme.Logging", "src\Acme.Logging\Acme.Logging.csproj", "{AAAAAAAA-0001-0001-0001-000000000002}"
EndProject
Project("{9A19103F-16F7-4668-BE54-9A1E7A4F7556}") = "Acme.Common.Tests", "tests\Acme.Common.Tests\Acme.Common.Tests.csproj", "{AAAAAAAA-0001-0001-0001-000000000003}"
EndProject
Global
EndGlobal
