Microsoft Visual Studio Solution File, Format Version 12.00
# Visual Studio Version 17
Project("{9A19103F-16F7-4668-BE54-9A1E7A4F7556}") = "Inventory.Core", "src\Inventory.Core\Inventory.Core.csproj", "{11111111-0007-0007-0007-000000000001}"
EndProject
Project("{9A19103F-16F7-4668-BE54-9A1E7A4F7556}") = "Inventory.Api", "src\Inventory.Api\Inventory.Api.csproj", "{11111111-0007-0007-0007-000000000002}"
EndProject
Project("{9A19103F-16F7-4668-BE54-9A1E7A4F7556}") = "Inventory.Jobs", "src\Inventory.Jobs\Inventory.Jobs.csproj", "{11111111-0007-0007-0007-000000000003}"
EndProject
Project("{9A19103F-16F7-4668-BE54-9A1E7A4F7556}") = "Inventory.Api.Tests", "tests\Inventory.Api.Tests\Inventory.Api.Tests.csproj", "{11111111-0007-0007-0007-000000000004}"
EndProject
Project("{9A19103F-16F7-4668-BE54-9A1E7A4F7556}") = "Inventory.Core.Tests", "tests\Inventory.Core.Tests\Inventory.Core.Tests.csproj", "{11111111-0007-0007-0007-000000000005}"
EndProject
Global
EndGlobal
