Microsoft Visual Studio Solution File, Format Version 12.00
# Visual Studio Version 17
Project("{9A19103F-16F7-4668-BE54-9A1E7A4F7556}") = "Meridian.Reporting.Dashboard.Contracts", "src\Meridian.Reporting.Dashboard.Contracts\Meridian.Reporting.Dashboard.Contracts.csproj", "{FF0D0001-0000-0000-0000-000000000000}"
EndProject
Project("{9A19103F-16F7-4668-BE54-9A1E7A4F7556}") = "Meridian.Reporting.Dashboard.Api", "src\Meridian.Reporting.Dashboard.Api\Meridian.Reporting.Dashboard.Api.csproj", "{FF0D0002-0000-0000-0000-000000000000}"
EndProject
Project("{9A19103F-16F7-4668-BE54-9A1E7A4F7556}") = "Meridian.Reporting.Dashboard.Web", "src\Meridian.Reporting.Dashboard.Web\Meridian.Reporting.Dashboard.Web.csproj", "{FF0D0003-0000-0000-0000-000000000000}"
EndProject
Project("{9A19103F-16F7-4668-BE54-9A1E7A4F7556}") = "Meridian.Reporting.Dashboard.Api.Tests", "tests\Meridian.Reporting.Dashboard.Api.Tests\Meridian.Reporting.Dashboard.Api.Tests.csproj", "{FF0D0004-0000-0000-0000-000000000000}"
EndProject
Project("{9A19103F-16F7-4668-BE54-9A1E7A4F7556}") = "Meridian.Reporting.Dashboard.Web.Tests", "tests\Meridian.Reporting.Dashboard.Web.Tests\Meridian.Reporting.Dashboard.Web.Tests.csproj", "{FF0D0005-0000-0000-0000-000000000000}"
EndProject
Project("{9A19103F-16F7-4668-BE54-9A1E7A4F7556}") = "Meridian.Reporting.Dashboard.Bff", "src\Meridian.Reporting.Dashboard.Bff\Meridian.Reporting.Dashboard.Bff.csproj", "{FF0D0006-0000-0000-0000-000000000000}"
EndProject
Project("{9A19103F-16F7-4668-BE54-9A1E7A4F7556}") = "Meridian.Reporting.Dashboard.Bff.Tests", "tests\Meridian.Reporting.Dashboard.Bff.Tests\Meridian.Reporting.Dashboard.Bff.Tests.csproj", "{FF0D0007-0000-0000-0000-000000000000}"
EndProject
Project("{9A19103F-16F7-4668-BE54-9A1E7A4F7556}") = "Meridian.Reporting.Dashboard.Integration.Tests", "tests\Meridian.Reporting.Dashboard.Integration.Tests\Meridian.Reporting.Dashboard.Integration.Tests.csproj", "{FF0D0008-0000-0000-0000-000000000000}"
EndProject
Global
EndGlobal
