Microsoft Visual Studio Solution File, Format Version 12.00
# Visual Studio Version 17
Project("{9A19103F-16F7-4668-BE54-9A1E7A4F7556}") = "Meridian.Identity.Service.Contracts", "src\Meridian.Identity.Service.Contracts\Meridian.Identity.Service.Contracts.csproj", "{FF040001-0000-0000-0000-000000000000}"
EndProject
Project("{9A19103F-16F7-4668-BE54-9A1E7A4F7556}") = "Meridian.Identity.Service.Domain", "src\Meridian.Identity.Service.Domain\Meridian.Identity.Service.Domain.csproj", "{FF040002-0000-0000-0000-000000000000}"
EndProject
Project("{9A19103F-16F7-4668-BE54-9A1E7A4F7556}") = "Meridian.Identity.Service.Infrastructure", "src\Meridian.Identity.Service.Infrastructure\Meridian.Identity.Service.Infrastructure.csproj", "{FF040003-0000-0000-0000-000000000000}"
EndProject
Project("{9A19103F-16F7-4668-BE54-9A1E7A4F7556}") = "Meridian.Identity.Service.Api", "src\Meridian.Identity.Service.Api\Meridian.Identity.Service.Api.csproj", "{FF040004-0000-0000-0000-000000000000}"
EndProject
Project("{9A19103F-16F7-4668-BE54-9A1E7A4F7556}") = "Meridian.Identity.Service.Worker", "src\Meridian.Identity.Service.Worker\Meridian.Identity.Service.Worker.csproj", "{FF040005-0000-0000-0000-000000000000}"
EndProject
Project("{9A19103F-16F7-4668-BE54-9A1E7A4F7556}") = "Meridian.Identity.Service.Domain.Tests", "tests\Meridian.Identity.Service.Domain.Tests\Meridian.Identity.Service.Domain.Tests.csproj", "{FF040006-0000-0000-0000-000000000000}"
EndProject
Project("{9A19103F-16F7-4668-BE54-9A1E7A4F7556}") = "Meridian.Identity.Service.Infrastructure.Tests", "tests\Meridian.Identity.Service.Infrastructure.Tests\Meridian.Identity.Service.Infrastructure.Tests.csproj", "{FF040007-0000-0000-0000-000000000000}"
EndProject
Project("{9A19103F-16F7-4668-BE54-9A1E7A4F7556}") = "Meridian.Identity.Service.Api.Tests", "tests\Meridian.Identity.Service.Api.Tests\Meridian.Identity.Service.Api.Tests.csproj", "{FF040008-0000-0000-0000-000000000000}"
EndProject
Global
EndGlobal
