Microsoft Visual Studio Solution File, Format Version 12.00
# Visual Studio Version 17
Project("{9A19103F-16F7-4668-BE54-9A1E7A4F7556}") = "Meridian.Commerce.Checkout.Contracts", "src\Meridian.Commerce.Checkout.Contracts\Meridian.Commerce.Checkout.Contracts.csproj", "{FF080001-0000-0000-0000-000000000000}"
EndProject
Project("{9A19103F-16F7-4668-BE54-9A1E7A4F7556}") = "Meridian.Commerce.Checkout.Domain", "src\Meridian.Commerce.Checkout.Domain\Meridian.Commerce.Checkout.Domain.csproj", "{FF080002-0000-0000-0000-000000000000}"
EndProject
Project("{9A19103F-16F7-4668-BE54-9A1E7A4F7556}") = "Meridian.Commerce.Checkout.Infrastructure", "src\Meridian.Commerce.Checkout.Infrastructure\Meridian.Commerce.Checkout.Infrastructure.csproj", "{FF080003-0000-0000-0000-000000000000}"
EndProject
Project("{9A19103F-16F7-4668-BE54-9A1E7A4F7556}") = "Meridian.Commerce.Checkout.Api", "src\Meridian.Commerce.Checkout.Api\Meridian.Commerce.Checkout.Api.csproj", "{FF080004-0000-0000-0000-000000000000}"
EndProject
Project("{9A19103F-16F7-4668-BE54-9A1E7A4F7556}") = "Meridian.Commerce.Checkout.Domain.Tests", "tests\Meridian.Commerce.Checkout.Domain.Tests\Meridian.Commerce.Checkout.Domain.Tests.csproj", "{FF080005-0000-0000-0000-000000000000}"
EndProject
Project("{9A19103F-16F7-4668-BE54-9A1E7A4F7556}") = "Meridian.Commerce.Checkout.Infrastructure.Tests", "tests\Meridian.Commerce.Checkout.Infrastructure.Tests\Meridian.Commerce.Checkout.Infrastructure.Tests.csproj", "{FF080006-0000-0000-0000-000000000000}"
EndProject
Project("{9A19103F-16F7-4668-BE54-9A1E7A4F7556}") = "Meridian.Commerce.Checkout.Api.Tests", "tests\Meridian.Commerce.Checkout.Api.Tests\Meridian.Commerce.Checkout.Api.Tests.csproj", "{FF080007-0000-0000-0000-000000000000}"
EndProject
Project("{9A19103F-16F7-4668-BE54-9A1E7A4F7556}") = "Meridian.Commerce.Checkout.Integration.Tests", "tests\Meridian.Commerce.Checkout.Integration.Tests\Meridian.Commerce.Checkout.Integration.Tests.csproj", "{FF080008-0000-0000-0000-000000000000}"
EndProject
Global
EndGlobal
