Microsoft Visual Studio Solution File, Format Version 12.00
# Visual Studio Version 17
Project("{9A19103F-16F7-4668-BE54-9A1E7A4F7556}") = "Meridian.Commerce.Catalog.Contracts", "src\Meridian.Commerce.Catalog.Contracts\Meridian.Commerce.Catalog.Contracts.csproj", "{FF060001-0000-0000-0000-000000000000}"
EndProject
Project("{9A19103F-16F7-4668-BE54-9A1E7A4F7556}") = "Meridian.Commerce.Catalog.Domain", "src\Meridian.Commerce.Catalog.Domain\Meridian.Commerce.Catalog.Domain.csproj", "{FF060002-0000-0000-0000-000000000000}"
EndProject
Project("{9A19103F-16F7-4668-BE54-9A1E7A4F7556}") = "Meridian.Commerce.Catalog.Infrastructure", "src\Meridian.Commerce.Catalog.Infrastructure\Meridian.Commerce.Catalog.Infrastructure.csproj", "{FF060003-0000-0000-0000-000000000000}"
EndProject
Project("{9A19103F-16F7-4668-BE54-9A1E7A4F7556}") = "Meridian.Commerce.Catalog.Api", "src\Meridian.Commerce.Catalog.Api\Meridian.Commerce.Catalog.Api.csproj", "{FF060004-0000-0000-0000-000000000000}"
EndProject
Project("{9A19103F-16F7-4668-BE54-9A1E7A4F7556}") = "Meridian.Commerce.Catalog.Web", "src\Meridian.Commerce.Catalog.Web\Meridian.Commerce.Catalog.Web.csproj", "{FF060005-0000-0000-0000-000000000000}"
EndProject
Project("{9A19103F-16F7-4668-BE54-9A1E7A4F7556}") = "Meridian.Commerce.Catalog.Domain.Tests", "tests\Meridian.Commerce.Catalog.Domain.Tests\Meridian.Commerce.Catalog.Domain.Tests.csproj", "{FF060006-0000-0000-0000-000000000000}"
EndProject
Project("{9A19103F-16F7-4668-BE54-9A1E7A4F7556}") = "Meridian.Commerce.Catalog.Infrastructure.Tests", "tests\Meridian.Commerce.Catalog.Infrastructure.Tests\Meridian.Commerce.Catalog.Infrastructure.Tests.csproj", "{FF060007-0000-0000-0000-000000000000}"
EndProject
Project("{9A19103F-16F7-4668-BE54-9A1E7A4F7556}") = "Meridian.Commerce.Catalog.Api.Tests", "tests\Meridian.Commerce.Catalog.Api.Tests\Meridian.Commerce.Catalog.Api.Tests.csproj", "{FF060008-0000-0000-0000-000000000000}"
EndProject
Project("{9A19103F-16F7-4668-BE54-9A1E7A4F7556}") = "Meridian.Commerce.Catalog.Integration.Tests", "tests\Meridian.Commerce.Catalog.Integration.Tests\Meridian.Commerce.Catalog.Integration.Tests.csproj", "{FF060009-0000-0000-0000-000000000000}"
EndProject
Global
EndGlobal
