Microsoft Visual Studio Solution File, Format Version 12.00
# Visual Studio Version 17
Project("{9A19103F-16F7-4668-BE54-9A1E7A4F7556}") = "Meridian.Identity.Gateway.Contracts", "src\Meridian.Identity.Gateway.Contracts\Meridian.Identity.Gateway.Contracts.csproj", "{FF050001-0000-0000-0000-000000000000}"
EndProject
Project("{9A19103F-16F7-4668-BE54-9A1E7A4F7556}") = "Meridian.Identity.Gateway.Core", "src\Meridian.Identity.Gateway.Core\Meridian.Identity.Gateway.Core.csproj", "{FF050002-0000-0000-0000-000000000000}"
EndProject
Project("{9A19103F-16F7-4668-BE54-9A1E7A4F7556}") = "Meridian.Identity.Gateway.Api", "src\Meridian.Identity.Gateway.Api\Meridian.Identity.Gateway.Api.csproj", "{FF050003-0000-0000-0000-000000000000}"
EndProject
Project("{9A19103F-16F7-4668-BE54-9A1E7A4F7556}") = "Meridian.Identity.Gateway.Core.Tests", "tests\Meridian.Identity.Gateway.Core.Tests\Meridian.Identity.Gateway.Core.Tests.csproj", "{FF050004-0000-0000-0000-000000000000}"
EndProject
Project("{9A19103F-16F7-4668-BE54-9A1E7A4F7556}") = "Meridian.Identity.Gateway.Api.Tests", "tests\Meridian.Identity.Gateway.Api.Tests\Meridian.Identity.Gateway.Api.Tests.csproj", "{FF050005-0000-0000-0000-000000000000}"
EndProject
Project("{9A19103F-16F7-4668-BE54-9A1E7A4F7556}") = "Meridian.Identity.Gateway.Integration.Tests", "tests\Meridian.Identity.Gateway.Integration.Tests\Meridian.Identity.Gateway.Integration.Tests.csproj", "{FF050006-0000-0000-0000-000000000000}"
EndProject
Global
EndGlobal
