Microsoft Visual Studio Solution File, Format Version 12.00
# Visual Studio Version 17
Project("{9A19103F-16F7-4668-BE54-9A1E7A4F7556}") = "Meridian.Reporting.Analytics.Contracts", "src\Meridian.Reporting.Analytics.Contracts\Meridian.Reporting.Analytics.Contracts.csproj", "{FF0C0001-0000-0000-0000-000000000000}"
EndProject
Project("{9A19103F-16F7-4668-BE54-9A1E7A4F7556}") = "Meridian.Reporting.Analytics.Domain", "src\Meridian.Reporting.Analytics.Domain\Meridian.Reporting.Analytics.Domain.csproj", "{FF0C0002-0000-0000-0000-000000000000}"
EndProject
Project("{9A19103F-16F7-4668-BE54-9A1E7A4F7556}") = "Meridian.Reporting.Analytics.Infrastructure", "src\Meridian.Reporting.Analytics.Infrastructure\Meridian.Reporting.Analytics.Infrastructure.csproj", "{FF0C0003-0000-0000-0000-000000000000}"
EndProject
Project("{9A19103F-16F7-4668-BE54-9A1E7A4F7556}") = "Meridian.Reporting.Analytics.Api", "src\Meridian.Reporting.Analytics.Api\Meridian.Reporting.Analytics.Api.csproj", "{FF0C0004-0000-0000-0000-000000000000}"
EndProject
Project("{9A19103F-16F7-4668-BE54-9A1E7A4F7556}") = "Meridian.Reporting.Analytics.Worker", "src\Meridian.Reporting.Analytics.Worker\Meridian.Reporting.Analytics.Worker.csproj", "{FF0C0005-0000-0000-0000-000000000000}"
EndProject
Project("{9A19103F-16F7-4668-BE54-9A1E7A4F7556}") = "Meridian.Reporting.Analytics.Domain.Tests", "tests\Meridian.Reporting.Analytics.Domain.Tests\Meridian.Reporting.Analytics.Domain.Tests.csproj", "{FF0C0006-0000-0000-0000-000000000000}"
EndProject
Project("{9A19103F-16F7-4668-BE54-9A1E7A4F7556}") = "Meridian.Reporting.Analytics.Api.Tests", "tests\Meridian.Reporting.Analytics.Api.Tests\Meridian.Reporting.Analytics.Api.Tests.csproj", "{FF0C0007-0000-0000-0000-000000000000}"
EndProject
Project("{9A19103F-16F7-4668-BE54-9A1E7A4F7556}") = "Meridian.Reporting.Analytics.Integration.Tests", "tests\Meridian.Reporting.Analytics.Integration.Tests\Meridian.Reporting.Analytics.Integration.Tests.csproj", "{FF0C0008-0000-0000-0000-000000000000}"
EndProject
Global
EndGlobal
